
Microsoft Visual Studio Solution File, Format Version 11.00
# Visual Studio 2010
Project("{FAE04EC0-301F-11D3-BF4B-00C04F79EFBC}") = "Assembly-CSharp", "Assembly-CSharp.csproj", "{98586E32-0194-FE29-8C15-0FD6EB46517B}"
EndProject
Project("{FAE04EC0-301F-11D3-BF4B-00C04F79EFBC}") = "Assembly-CSharp-Editor", "Assembly-CSharp-Editor.csproj", "{7A47AD57-D68E-B8C6-288D-DA93FE120F9A}"
EndProject
Global
	GlobalSection(SolutionConfigurationPlatforms) = preSolution
		Debug|Any CPU = Debug|Any CPU
		Release|Any CPU = Release|Any CPU
	EndGlobalSection
	GlobalSection(ProjectConfigurationPlatforms) = postSolution
		{98586E32-0194-FE29-8C15-0FD6EB46517B}.Debug|Any CPU.ActiveCfg = Debug|Any CPU
		{98586E32-0194-FE29-8C15-0FD6EB46517B}.Debug|Any CPU.Build.0 = Debug|Any CPU
		{98586E32-0194-FE29-8C15-0FD6EB46517B}.Release|Any CPU.ActiveCfg = Release|Any CPU
		{98586E32-0194-FE29-8C15-0FD6EB46517B}.Release|Any CPU.Build.0 = Release|Any CPU
		{7A47AD57-D68E-B8C6-288D-DA93FE120F9A}.Debug|Any CPU.ActiveCfg = Debug|Any CPU
		{7A47AD57-D68E-B8C6-288D-DA93FE120F9A}.Debug|Any CPU.Build.0 = Debug|Any CPU
		{7A47AD57-D68E-B8C6-288D-DA93FE120F9A}.Release|Any CPU.ActiveCfg = Release|Any CPU
		{7A47AD57-D68E-B8C6-288D-DA93FE120F9A}.Release|Any CPU.Build.0 = Release|Any CPU
	EndGlobalSection
	GlobalSection(SolutionProperties) = preSolution
		HideSolutionNode = FALSE
	EndGlobalSection
	GlobalSection(MonoDevelopProperties) = preSolution
		StartupItem = Assembly-CSharp.csproj
	EndGlobalSection
EndGlobal
