
Microsoft Visual Studio Solution File, Format Version 12.00
# Visual Studio 15
Project("{FAE04EC0-301F-11D3-BF4B-00C04F79EFBC}") = "TheUltracube", "TheUltracube.csproj", "{A0B88E6E-BC5F-A863-2DED-0B75E3FA1849}"
EndProject
Project("{FAE04EC0-301F-11D3-BF4B-00C04F79EFBC}") = "TheUltracube.Editor", "TheUltracube.Editor.csproj", "{8A77E84F-0E21-AE58-E0C3-EE2F1F024A92}"
EndProject
Global
	GlobalSection(SolutionConfigurationPlatforms) = preSolution
		Debug|Any CPU = Debug|Any CPU
		Release|Any CPU = Release|Any CPU
	EndGlobalSection
	GlobalSection(ProjectConfigurationPlatforms) = postSolution
		{A0B88E6E-BC5F-A863-2DED-0B75E3FA1849}.Debug|Any CPU.ActiveCfg = Debug|Any CPU
		{A0B88E6E-BC5F-A863-2DED-0B75E3FA1849}.Debug|Any CPU.Build.0 = Debug|Any CPU
		{A0B88E6E-BC5F-A863-2DED-0B75E3FA1849}.Release|Any CPU.ActiveCfg = Release|Any CPU
		{A0B88E6E-BC5F-A863-2DED-0B75E3FA1849}.Release|Any CPU.Build.0 = Release|Any CPU
		{8A77E84F-0E21-AE58-E0C3-EE2F1F024A92}.Debug|Any CPU.ActiveCfg = Debug|Any CPU
		{8A77E84F-0E21-AE58-E0C3-EE2F1F024A92}.Debug|Any CPU.Build.0 = Debug|Any CPU
		{8A77E84F-0E21-AE58-E0C3-EE2F1F024A92}.Release|Any CPU.ActiveCfg = Release|Any CPU
		{8A77E84F-0E21-AE58-E0C3-EE2F1F024A92}.Release|Any CPU.Build.0 = Release|Any CPU
	EndGlobalSection
	GlobalSection(SolutionProperties) = preSolution
		HideSolutionNode = FALSE
	EndGlobalSection
EndGlobal
